
Microsoft Visual Studio Solution File, Format Version 12.00
# Visual Studio Version 17
VisualStudioVersion = 17.9.34728.123
MinimumVisualStudioVersion = 10.0.40219.1
Project("{FAE04EC0-301F-11D3-BF4B-00C04F79EFBC}") = "Questão 5.1", "Questão 5.1\Questão 5.1.csproj", "{7A3012AF-CA48-4B94-B9F6-03AF5CACB1F7}"
EndProject
Global
	GlobalSection(SolutionConfigurationPlatforms) = preSolution
		Debug|Any CPU = Debug|Any CPU
		Release|Any CPU = Release|Any CPU
	EndGlobalSection
	GlobalSection(ProjectConfigurationPlatforms) = postSolution
		{7A3012AF-CA48-4B94-B9F6-03AF5CACB1F7}.Debug|Any CPU.ActiveCfg = Debug|Any CPU
		{7A3012AF-CA48-4B94-B9F6-03AF5CACB1F7}.Debug|Any CPU.Build.0 = Debug|Any CPU
		{7A3012AF-CA48-4B94-B9F6-03AF5CACB1F7}.Release|Any CPU.ActiveCfg = Release|Any CPU
		{7A3012AF-CA48-4B94-B9F6-03AF5CACB1F7}.Release|Any CPU.Build.0 = Release|Any CPU
	EndGlobalSection
	GlobalSection(SolutionProperties) = preSolution
		HideSolutionNode = FALSE
	EndGlobalSection
	GlobalSection(ExtensibilityGlobals) = postSolution
		SolutionGuid = {364A25C3-EF37-4070-ABC4-D87AFF3FA1C2}
	EndGlobalSection
EndGlobal
